github.com/akash-mohanto/dog v0.0.0-20230923184113-d427da035375 h1:qFhHWkKxul3v12ZRxlBukd2+sNZgFs+t5m3NonTgCXA=
github.com/akash-mohanto/dog v0.0.0-20230923184113-d427da035375/go.mod h1:mxCa3tRMID0kGqlNJEGU/fWXDT72FXykzD9MTm+tJ+s=
github.com/akash-mohanto/puppy v0.0.0-20230923175200-ac96ea6a7f3b h1:zB5Hs4Q+il8NSsvS22DMVVK2P9cE5ZfV4cnMc3F0PWI=
github.com/akash-mohanto/puppy v0.0.0-20230923175200-ac96ea6a7f3b/go.mod h1:h0XcQWmahoIavn1jjJL0Hjg5ss80UVLolqU9UHRD6Pw=
github.com/akash-mohanto/puppy v0.0.0-20230923185755-9552ebf00faa h1:m3GfQfeBWywdzrx5xLClATTYjEKDJ8BYOcOqIKBjJV8=
github.com/akash-mohanto/puppy v0.0.0-20230923185755-9552ebf00faa/go.mod h1:w+qyRmQEFm9TOPIJxMJ7Z1uZMo5XD5JT3n7ItMc1DG0=
